
Microsoft Visual Studio Solution File, Format Version 12.00
# Visual Studio Version 17
VisualStudioVersion = 17.11.35303.130
MinimumVisualStudioVersion = 10.0.40219.1
Project("{8BC9CEB8-8B4A-11D0-8D11-00A0C91BC942}") = "lab3_242", "lab3_242.vcxproj", "{99F18AA5-3312-483D-8D2A-78DD415C2E88}"
EndProject
Project("{8BC9CEB8-8B4A-11D0-8D11-00A0C91BC942}") = "lab3_2", "..\lab3_2\lab3_2.vcxproj", "{1B9ECFAE-704D-4D24-BBA1-8D627AD3CCA3}"
EndProject
Project("{8BC9CEB8-8B4A-11D0-8D11-00A0C91BC942}") = "lab3_dz", "..\lab3_dz\lab3_dz.vcxproj", "{E9C0D443-6CBE-441D-86D0-30454A5A5575}"
EndProject
Global
	GlobalSection(SolutionConfigurationPlatforms) = preSolution
		Debug|x64 = Debug|x64
		Debug|x86 = Debug|x86
		Release|x64 = Release|x64
		Release|x86 = Release|x86
	EndGlobalSection
	GlobalSection(ProjectConfigurationPlatforms) = postSolution
		{99F18AA5-3312-483D-8D2A-78DD415C2E88}.Debug|x64.ActiveCfg = Debug|x64
		{99F18AA5-3312-483D-8D2A-78DD415C2E88}.Debug|x64.Build.0 = Debug|x64
		{99F18AA5-3312-483D-8D2A-78DD415C2E88}.Debug|x86.ActiveCfg = Debug|Win32
		{99F18AA5-3312-483D-8D2A-78DD415C2E88}.Debug|x86.Build.0 = Debug|Win32
		{99F18AA5-3312-483D-8D2A-78DD415C2E88}.Release|x64.ActiveCfg = Release|x64
		{99F18AA5-3312-483D-8D2A-78DD415C2E88}.Release|x64.Build.0 = Release|x64
		{99F18AA5-3312-483D-8D2A-78DD415C2E88}.Release|x86.ActiveCfg = Release|Win32
		{99F18AA5-3312-483D-8D2A-78DD415C2E88}.Release|x86.Build.0 = Release|Win32
		{1B9ECFAE-704D-4D24-BBA1-8D627AD3CCA3}.Debug|x64.ActiveCfg = Debug|x64
		{1B9ECFAE-704D-4D24-BBA1-8D627AD3CCA3}.Debug|x64.Build.0 = Debug|x64
		{1B9ECFAE-704D-4D24-BBA1-8D627AD3CCA3}.Debug|x86.ActiveCfg = Debug|Win32
		{1B9ECFAE-704D-4D24-BBA1-8D627AD3CCA3}.Debug|x86.Build.0 = Debug|Win32
		{1B9ECFAE-704D-4D24-BBA1-8D627AD3CCA3}.Release|x64.ActiveCfg = Release|x64
		{1B9ECFAE-704D-4D24-BBA1-8D627AD3CCA3}.Release|x64.Build.0 = Release|x64
		{1B9ECFAE-704D-4D24-BBA1-8D627AD3CCA3}.Release|x86.ActiveCfg = Release|Win32
		{1B9ECFAE-704D-4D24-BBA1-8D627AD3CCA3}.Release|x86.Build.0 = Release|Win32
		{E9C0D443-6CBE-441D-86D0-30454A5A5575}.Debug|x64.ActiveCfg = Debug|x64
		{E9C0D443-6CBE-441D-86D0-30454A5A5575}.Debug|x64.Build.0 = Debug|x64
		{E9C0D443-6CBE-441D-86D0-30454A5A5575}.Debug|x86.ActiveCfg = Debug|Win32
		{E9C0D443-6CBE-441D-86D0-30454A5A5575}.Debug|x86.Build.0 = Debug|Win32
		{E9C0D443-6CBE-441D-86D0-30454A5A5575}.Release|x64.ActiveCfg = Release|x64
		{E9C0D443-6CBE-441D-86D0-30454A5A5575}.Release|x64.Build.0 = Release|x64
		{E9C0D443-6CBE-441D-86D0-30454A5A5575}.Release|x86.ActiveCfg = Release|Win32
		{E9C0D443-6CBE-441D-86D0-30454A5A5575}.Release|x86.Build.0 = Release|Win32
	EndGlobalSection
	GlobalSection(SolutionProperties) = preSolution
		HideSolutionNode = FALSE
	EndGlobalSection
	GlobalSection(ExtensibilityGlobals) = postSolution
		SolutionGuid = {F27A40BC-DA2E-4797-8481-4889305AF613}
	EndGlobalSection
EndGlobal
